
Microsoft Visual Studio Solution File, Format Version 12.00
# Visual Studio Version 17
VisualStudioVersion = 17.4.33205.214
MinimumVisualStudioVersion = 10.0.40219.1
Project("{FAE04EC0-301F-11D3-BF4B-00C04F79EFBC}") = "array_tictactoe", "array_tictactoe\array_tictactoe.csproj", "{B595AFD8-3242-491E-92C7-945B010C6101}"
EndProject
Global
	GlobalSection(SolutionConfigurationPlatforms) = preSolution
		Debug|Any CPU = Debug|Any CPU
		Release|Any CPU = Release|Any CPU
	EndGlobalSection
	GlobalSection(ProjectConfigurationPlatforms) = postSolution
		{B595AFD8-3242-491E-92C7-945B010C6101}.Debug|Any CPU.ActiveCfg = Debug|Any CPU
		{B595AFD8-3242-491E-92C7-945B010C6101}.Debug|Any CPU.Build.0 = Debug|Any CPU
		{B595AFD8-3242-491E-92C7-945B010C6101}.Release|Any CPU.ActiveCfg = Release|Any CPU
		{B595AFD8-3242-491E-92C7-945B010C6101}.Release|Any CPU.Build.0 = Release|Any CPU
	EndGlobalSection
	GlobalSection(SolutionProperties) = preSolution
		HideSolutionNode = FALSE
	EndGlobalSection
	GlobalSection(ExtensibilityGlobals) = postSolution
		SolutionGuid = {72A2B0C5-CF0D-4C1D-9EA6-605B0B5448C3}
	EndGlobalSection
EndGlobal
